
Microsoft Visual Studio Solution File, Format Version 12.00
# Visual Studio Version 16
VisualStudioVersion = 16.0.29920.165
MinimumVisualStudioVersion = 10.0.40219.1
Project("{9A19103F-16F7-4668-BE54-9A1E7A4F7556}") = "WebStore.ChangeFeedFunctions", "AcmeWebStore\WebStore.ChangeFeedFunctions\WebStore.ChangeFeedFunctions.csproj", "{DAB920C5-4A98-498D-9F35-9225DB04B8FF}"
EndProject
Global
	GlobalSection(SolutionConfigurationPlatforms) = preSolution
		Debug|Any CPU = Debug|Any CPU
		Release|Any CPU = Release|Any CPU
	EndGlobalSection
	GlobalSection(ProjectConfigurationPlatforms) = postSolution
		{DAB920C5-4A98-498D-9F35-9225DB04B8FF}.Debug|Any CPU.ActiveCfg = Debug|Any CPU
		{DAB920C5-4A98-498D-9F35-9225DB04B8FF}.Debug|Any CPU.Build.0 = Debug|Any CPU
		{DAB920C5-4A98-498D-9F35-9225DB04B8FF}.Release|Any CPU.ActiveCfg = Release|Any CPU
		{DAB920C5-4A98-498D-9F35-9225DB04B8FF}.Release|Any CPU.Build.0 = Release|Any CPU
	EndGlobalSection
	GlobalSection(SolutionProperties) = preSolution
		HideSolutionNode = FALSE
	EndGlobalSection
	GlobalSection(ExtensibilityGlobals) = postSolution
		SolutionGuid = {13012611-4F7B-4551-B411-9C1AE1ED3B7C}
	EndGlobalSection
EndGlobal
